
Microsoft Visual Studio Solution File, Format Version 12.00
# Visual Studio Version 16
VisualStudioVersion = 16.0.30204.135
MinimumVisualStudioVersion = 10.0.40219.1
Project("{FAE04EC0-301F-11D3-BF4B-00C04F79EFBC}") = "WebServices", "QualityMetrics\WebServices.csproj", "{D46DA8BD-559C-46DA-851C-59207D536322}"
EndProject
Project("{FAE04EC0-301F-11D3-BF4B-00C04F79EFBC}") = "ExternalServices", "ExternalServices\ExternalServices.csproj", "{320E86F0-8828-438D-A02D-0A7F901693C3}"
EndProject
Project("{FAE04EC0-301F-11D3-BF4B-00C04F79EFBC}") = "BusinessLayer", "BusinessLayer\BusinessLayer.csproj", "{15144664-6C97-486C-ABEC-33A81981F95D}"
EndProject
Global
	GlobalSection(SolutionConfigurationPlatforms) = preSolution
		Debug|Any CPU = Debug|Any CPU
		Release|Any CPU = Release|Any CPU
	EndGlobalSection
	GlobalSection(ProjectConfigurationPlatforms) = postSolution
		{D46DA8BD-559C-46DA-851C-59207D536322}.Debug|Any CPU.ActiveCfg = Debug|Any CPU
		{D46DA8BD-559C-46DA-851C-59207D536322}.Debug|Any CPU.Build.0 = Debug|Any CPU
		{D46DA8BD-559C-46DA-851C-59207D536322}.Release|Any CPU.ActiveCfg = Release|Any CPU
		{D46DA8BD-559C-46DA-851C-59207D536322}.Release|Any CPU.Build.0 = Release|Any CPU
		{320E86F0-8828-438D-A02D-0A7F901693C3}.Debug|Any CPU.ActiveCfg = Debug|Any CPU
		{320E86F0-8828-438D-A02D-0A7F901693C3}.Debug|Any CPU.Build.0 = Debug|Any CPU
		{320E86F0-8828-438D-A02D-0A7F901693C3}.Release|Any CPU.ActiveCfg = Release|Any CPU
		{320E86F0-8828-438D-A02D-0A7F901693C3}.Release|Any CPU.Build.0 = Release|Any CPU
		{15144664-6C97-486C-ABEC-33A81981F95D}.Debug|Any CPU.ActiveCfg = Debug|Any CPU
		{15144664-6C97-486C-ABEC-33A81981F95D}.Debug|Any CPU.Build.0 = Debug|Any CPU
		{15144664-6C97-486C-ABEC-33A81981F95D}.Release|Any CPU.ActiveCfg = Release|Any CPU
		{15144664-6C97-486C-ABEC-33A81981F95D}.Release|Any CPU.Build.0 = Release|Any CPU
	EndGlobalSection
	GlobalSection(SolutionProperties) = preSolution
		HideSolutionNode = FALSE
	EndGlobalSection
	GlobalSection(ExtensibilityGlobals) = postSolution
		SolutionGuid = {087DDD3C-CB2B-44FF-86DD-7008EFFD7EDE}
	EndGlobalSection
EndGlobal
